
Microsoft Visual Studio Solution File, Format Version 12.00
# Visual Studio Version 17
VisualStudioVersion = 17.0.31903.59
MinimumVisualStudioVersion = 10.0.40219.1
Project("{888888A0-9F3D-457C-B088-3A5042F75D52}") = "Paciento", "Paciento\Paciento.pyproj", "{62340BD2-F6AA-493A-8FE8-358E4D2BFA92}"
EndProject
Global
	GlobalSection(SolutionConfigurationPlatforms) = preSolution
		Debug|Any CPU = Debug|Any CPU
		Release|Any CPU = Release|Any CPU
	EndGlobalSection
	GlobalSection(ProjectConfigurationPlatforms) = postSolution
		{62340BD2-F6AA-493A-8FE8-358E4D2BFA92}.Debug|Any CPU.ActiveCfg = Debug|Any CPU
		{62340BD2-F6AA-493A-8FE8-358E4D2BFA92}.Release|Any CPU.ActiveCfg = Release|Any CPU
	EndGlobalSection
	GlobalSection(SolutionProperties) = preSolution
		HideSolutionNode = FALSE
	EndGlobalSection
	GlobalSection(ExtensibilityGlobals) = postSolution
		SolutionGuid = {A96DE457-C48F-4825-94C6-36FB3721595F}
	EndGlobalSection
EndGlobal
